
Microsoft Visual Studio Solution File, Format Version 12.00
# Visual Studio 15
VisualStudioVersion = 15.0.27004.2010
MinimumVisualStudioVersion = 10.0.40219.1
Project("{FAE04EC0-301F-11D3-BF4B-00C04F79EFBC}") = "MovieCompare", "MovieCompare\MovieCompare.csproj", "{756AAF96-72EB-47D3-8D6F-99C8251B681E}"
EndProject
Project("{2150E333-8FDC-42A3-9474-1A3956D46DE8}") = "Solution Items", "Solution Items", "{EFC9286C-4B6C-4DD8-BE11-FFFBD2A17547}"
	ProjectSection(SolutionItems) = preProject
		APIKey.txt = APIKey.txt
		MovieList.json = MovieList.json
	EndProjectSection
EndProject
Global
	GlobalSection(SolutionConfigurationPlatforms) = preSolution
		Debug|Any CPU = Debug|Any CPU
		Release|Any CPU = Release|Any CPU
	EndGlobalSection
	GlobalSection(ProjectConfigurationPlatforms) = postSolution
		{756AAF96-72EB-47D3-8D6F-99C8251B681E}.Debug|Any CPU.ActiveCfg = Debug|Any CPU
		{756AAF96-72EB-47D3-8D6F-99C8251B681E}.Debug|Any CPU.Build.0 = Debug|Any CPU
		{756AAF96-72EB-47D3-8D6F-99C8251B681E}.Release|Any CPU.ActiveCfg = Release|Any CPU
		{756AAF96-72EB-47D3-8D6F-99C8251B681E}.Release|Any CPU.Build.0 = Release|Any CPU
	EndGlobalSection
	GlobalSection(SolutionProperties) = preSolution
		HideSolutionNode = FALSE
	EndGlobalSection
	GlobalSection(ExtensibilityGlobals) = postSolution
		SolutionGuid = {FA2556FE-1FC7-4087-B75E-C7327A51B032}
	EndGlobalSection
EndGlobal
